
Microsoft Visual Studio Solution File, Format Version 12.00
# Visual Studio Version 16
VisualStudioVersion = 16.0.30517.126
MinimumVisualStudioVersion = 10.0.40219.1
Project("{888888A0-9F3D-457C-B088-3A5042F75D52}") = "TestConverters", "TestConverters.pyproj", "{6A047F90-2B46-4600-98CD-253DD1497496}"
EndProject
Global
	GlobalSection(SolutionConfigurationPlatforms) = preSolution
		Debug|Any CPU = Debug|Any CPU
		Release|Any CPU = Release|Any CPU
	EndGlobalSection
	GlobalSection(ProjectConfigurationPlatforms) = postSolution
		{6A047F90-2B46-4600-98CD-253DD1497496}.Debug|Any CPU.ActiveCfg = Debug|Any CPU
		{6A047F90-2B46-4600-98CD-253DD1497496}.Release|Any CPU.ActiveCfg = Release|Any CPU
	EndGlobalSection
	GlobalSection(SolutionProperties) = preSolution
		HideSolutionNode = FALSE
	EndGlobalSection
	GlobalSection(ExtensibilityGlobals) = postSolution
		SolutionGuid = {263754FC-BCE2-40E0-8EF9-3AD14B46249C}
	EndGlobalSection
EndGlobal
